
Microsoft Visual Studio Solution File, Format Version 12.00
# Visual Studio 15
Project("{FAE04EC0-301F-11D3-BF4B-00C04F79EFBC}") = "rcldotnet_common", "rcldotnet_common.csproj", "{2DD4BEEA-94C6-4527-914B-361061AAB141}"
EndProject
Global
	GlobalSection(SolutionConfigurationPlatforms) = preSolution
		Debug|Any CPU = Debug|Any CPU
		Release|Any CPU = Release|Any CPU
	EndGlobalSection
	GlobalSection(ProjectConfigurationPlatforms) = postSolution
		{2DD4BEEA-94C6-4527-914B-361061AAB141}.Debug|Any CPU.ActiveCfg = Debug|Any CPU
		{2DD4BEEA-94C6-4527-914B-361061AAB141}.Debug|Any CPU.Build.0 = Debug|Any CPU
		{2DD4BEEA-94C6-4527-914B-361061AAB141}.Release|Any CPU.ActiveCfg = Release|Any CPU
		{2DD4BEEA-94C6-4527-914B-361061AAB141}.Release|Any CPU.Build.0 = Release|Any CPU
	EndGlobalSection
EndGlobal
